
Microsoft Visual Studio Solution File, Format Version 12.00
# Visual Studio Version 16
VisualStudioVersion = 16.0.29613.14
MinimumVisualStudioVersion = 10.0.40219.1
Project("{FAE04EC0-301F-11D3-BF4B-00C04F79EFBC}") = "binary_watch_victor", "binary_watch_victor.csproj", "{59FA7124-DDC6-4620-896D-F9D0C3A3566B}"
EndProject
Global
	GlobalSection(SolutionConfigurationPlatforms) = preSolution
		Debug|Any CPU = Debug|Any CPU
		Release|Any CPU = Release|Any CPU
	EndGlobalSection
	GlobalSection(ProjectConfigurationPlatforms) = postSolution
		{59FA7124-DDC6-4620-896D-F9D0C3A3566B}.Debug|Any CPU.ActiveCfg = Debug|Any CPU
		{59FA7124-DDC6-4620-896D-F9D0C3A3566B}.Debug|Any CPU.Build.0 = Debug|Any CPU
		{59FA7124-DDC6-4620-896D-F9D0C3A3566B}.Release|Any CPU.ActiveCfg = Release|Any CPU
		{59FA7124-DDC6-4620-896D-F9D0C3A3566B}.Release|Any CPU.Build.0 = Release|Any CPU
	EndGlobalSection
	GlobalSection(SolutionProperties) = preSolution
		HideSolutionNode = FALSE
	EndGlobalSection
	GlobalSection(ExtensibilityGlobals) = postSolution
		SolutionGuid = {62DA2622-176F-422B-9067-E338487C8F63}
	EndGlobalSection
EndGlobal
